<?xml version="1.0" encoding="utf-8"?>
<Project ToolsVersion="4.0" xmlns="http://schemas.microsoft.com/developer/msbuild/2003">
  <ItemGroup>
    <Filter Include="Hazel">
      <UniqueIdentifier>{99294D0D-053E-75BE-CEBF-181E3A9371EF}</UniqueIdentifier>
    </Filter>
    <Filter Include="Hazel\Core">
      <UniqueIdentifier>{91354D71-7DED-8EBE-E6F4-671AD2CB29AF}</UniqueIdentifier>
    </Filter>
    <Filter Include="Hazel\Events">
      <UniqueIdentifier>{5DEF92FE-4952-22A3-F2D7-5A59DE19EE25}</UniqueIdentifier>
    </Filter>
    <Filter Include="Hazel\ImGui">
      <UniqueIdentifier>{83AD5E9B-EF62-D790-7857-D167E40BCE94}</UniqueIdentifier>
    </Filter>
    <Filter Include="Hazel\Renderer">
      <UniqueIdentifier>{5F4907E6-4B17-FBEB-34AB-6B122018D750}</UniqueIdentifier>
    </Filter>
    <Filter Include="Hazel\Scene">
      <UniqueIdentifier>{76A50E9C-E25A-8791-6B4F-8168D7037E95}</UniqueIdentifier>
    </Filter>
    <Filter Include="Platform">
      <UniqueIdentifier>{2AC788B4-1694-E3BF-3FAD-D1672BD9184E}</UniqueIdentifier>
    </Filter>
    <Filter Include="Platform\OpenGL">
      <UniqueIdentifier>{1E7D2C1D-8A08-9AE1-9319-1DD6FF23F6E1}</UniqueIdentifier>
    </Filter>
    <Filter Include="Platform\Windows">
      <UniqueIdentifier>{64FBD71A-50F4-F66C-7926-DCF1657ED678}</UniqueIdentifier>
    </Filter>
  </ItemGroup>
  <ItemGroup>
    <ClInclude Include="src\Hazel.h" />
    <ClInclude Include="src\Hazel\Core\Application.h">
      <Filter>Hazel\Core</Filter>
    </ClInclude>
    <ClInclude Include="src\Hazel\Core\Core.h">
      <Filter>Hazel\Core</Filter>
    </ClInclude>
    <ClInclude Include="src\Hazel\Core\EntryPoint.h">
      <Filter>Hazel\Core</Filter>
    </ClInclude>
    <ClInclude Include="src\Hazel\Core\Input.h">
      <Filter>Hazel\Core</Filter>
    </ClInclude>
    <ClInclude Include="src\Hazel\Core\KeyCodes.h">
      <Filter>Hazel\Core</Filter>
    </ClInclude>
    <ClInclude Include="src\Hazel\Core\Layer.h">
      <Filter>Hazel\Core</Filter>
    </ClInclude>
    <ClInclude Include="src\Hazel\Core\LayerStack.h">
      <Filter>Hazel\Core</Filter>
    </ClInclude>
    <ClInclude Include="src\Hazel\Core\Log.h">
      <Filter>Hazel\Core</Filter>
    </ClInclude>
    <ClInclude Include="src\Hazel\Core\MouseButtonCodes.h">
      <Filter>Hazel\Core</Filter>
    </ClInclude>
    <ClInclude Include="src\Hazel\Core\Timestep.h">
      <Filter>Hazel\Core</Filter>
    </ClInclude>
    <ClInclude Include="src\Hazel\Core\Window.h">
      <Filter>Hazel\Core</Filter>
    </ClInclude>
    <ClInclude Include="src\Hazel\Events\ApplicationEvent.h">
      <Filter>Hazel\Events</Filter>
    </ClInclude>
    <ClInclude Include="src\Hazel\Events\Event.h">
      <Filter>Hazel\Events</Filter>
    </ClInclude>
    <ClInclude Include="src\Hazel\Events\KeyEvent.h">
      <Filter>Hazel\Events</Filter>
    </ClInclude>
    <ClInclude Include="src\Hazel\Events\MouseEvent.h">
      <Filter>Hazel\Events</Filter>
    </ClInclude>
    <ClInclude Include="src\Hazel\ImGui\ImGuiLayer.h">
      <Filter>Hazel\ImGui</Filter>
    </ClInclude>
    <ClInclude Include="src\Hazel\Renderer\Buffer.h">
      <Filter>Hazel\Renderer</Filter>
    </ClInclude>
    <ClInclude Include="src\Hazel\Renderer\Framebuffer.h">
      <Filter>Hazel\Renderer</Filter>
    </ClInclude>
    <ClInclude Include="src\Hazel\Renderer\GraphicsContext.h">
      <Filter>Hazel\Renderer</Filter>
    </ClInclude>
    <ClInclude Include="src\Hazel\Renderer\OrthographicCamera.h">
      <Filter>Hazel\Renderer</Filter>
    </ClInclude>
    <ClInclude Include="src\Hazel\Renderer\OrthographicCameraController.h">
      <Filter>Hazel\Renderer</Filter>
    </ClInclude>
    <ClInclude Include="src\Hazel\Renderer\RenderCommand.h">
      <Filter>Hazel\Renderer</Filter>
    </ClInclude>
    <ClInclude Include="src\Hazel\Renderer\Renderer.h">
      <Filter>Hazel\Renderer</Filter>
    </ClInclude>
    <ClInclude Include="src\Hazel\Renderer\Renderer2D.h">
      <Filter>Hazel\Renderer</Filter>
    </ClInclude>
    <ClInclude Include="src\Hazel\Renderer\RendererAPI.h">
      <Filter>Hazel\Renderer</Filter>
    </ClInclude>
    <ClInclude Include="src\Hazel\Renderer\Shader.h">
      <Filter>Hazel\Renderer</Filter>
    </ClInclude>
    <ClInclude Include="src\Hazel\Renderer\Texture.h">
      <Filter>Hazel\Renderer</Filter>
    </ClInclude>
    <ClInclude Include="src\Hazel\Renderer\VertexArray.h">
      <Filter>Hazel\Renderer</Filter>
    </ClInclude>
    <ClInclude Include="src\Hazel\Scene\Components.h">
      <Filter>Hazel\Scene</Filter>
    </ClInclude>
    <ClInclude Include="src\Hazel\Scene\Scene.h">
      <Filter>Hazel\Scene</Filter>
    </ClInclude>
    <ClInclude Include="src\Platform\OpenGL\OpenGLBuffer.h">
      <Filter>Platform\OpenGL</Filter>
    </ClInclude>
    <ClInclude Include="src\Platform\OpenGL\OpenGLContext.h">
      <Filter>Platform\OpenGL</Filter>
    </ClInclude>
    <ClInclude Include="src\Platform\OpenGL\OpenGLFramebuffer.h">
      <Filter>Platform\OpenGL</Filter>
    </ClInclude>
    <ClInclude Include="src\Platform\OpenGL\OpenGLRendererAPI.h">
      <Filter>Platform\OpenGL</Filter>
    </ClInclude>
    <ClInclude Include="src\Platform\OpenGL\OpenGLShader.h">
      <Filter>Platform\OpenGL</Filter>
    </ClInclude>
    <ClInclude Include="src\Platform\OpenGL\OpenGLTexture.h">
      <Filter>Platform\OpenGL</Filter>
    </ClInclude>
    <ClInclude Include="src\Platform\OpenGL\OpenGLVertexArray.h">
      <Filter>Platform\OpenGL</Filter>
    </ClInclude>
    <ClInclude Include="src\Platform\Windows\WindowsWindow.h">
      <Filter>Platform\Windows</Filter>
    </ClInclude>
    <ClInclude Include="src\hzpch.h" />
    <ClInclude Include="src\Hazel\Scene\Entity.h" />
    <ClInclude Include="src\Hazel\Renderer\Camera.h" />
    <ClInclude Include="src\Hazel\Scene\SceneCamera.h" />
    <ClInclude Include="src\Hazel\Scene\ScriptableEntity.h">
      <Filter>Hazel\Scene</Filter>
    </ClInclude>
  </ItemGroup>
  <ItemGroup>
    <ClCompile Include="src\Hazel\Core\Application.cpp">
      <Filter>Hazel\Core</Filter>
    </ClCompile>
    <ClCompile Include="src\Hazel\Core\Layer.cpp">
      <Filter>Hazel\Core</Filter>
    </ClCompile>
    <ClCompile Include="src\Hazel\Core\LayerStack.cpp">
      <Filter>Hazel\Core</Filter>
    </ClCompile>
    <ClCompile Include="src\Hazel\Core\Log.cpp">
      <Filter>Hazel\Core</Filter>
    </ClCompile>
    <ClCompile Include="src\Hazel\ImGui\ImGuiBuild.cpp">
      <Filter>Hazel\ImGui</Filter>
    </ClCompile>
    <ClCompile Include="src\Hazel\ImGui\ImGuiLayer.cpp">
      <Filter>Hazel\ImGui</Filter>
    </ClCompile>
    <ClCompile Include="src\Hazel\Renderer\Buffer.cpp">
      <Filter>Hazel\Renderer</Filter>
    </ClCompile>
    <ClCompile Include="src\Hazel\Renderer\Framebuffer.cpp">
      <Filter>Hazel\Renderer</Filter>
    </ClCompile>
    <ClCompile Include="src\Hazel\Renderer\OrthographicCamera.cpp">
      <Filter>Hazel\Renderer</Filter>
    </ClCompile>
    <ClCompile Include="src\Hazel\Renderer\OrthographicCameraController.cpp">
      <Filter>Hazel\Renderer</Filter>
    </ClCompile>
    <ClCompile Include="src\Hazel\Renderer\RenderCommand.cpp">
      <Filter>Hazel\Renderer</Filter>
    </ClCompile>
    <ClCompile Include="src\Hazel\Renderer\Renderer.cpp">
      <Filter>Hazel\Renderer</Filter>
    </ClCompile>
    <ClCompile Include="src\Hazel\Renderer\Renderer2D.cpp">
      <Filter>Hazel\Renderer</Filter>
    </ClCompile>
    <ClCompile Include="src\Hazel\Renderer\RendererAPI.cpp">
      <Filter>Hazel\Renderer</Filter>
    </ClCompile>
    <ClCompile Include="src\Hazel\Renderer\Shader.cpp">
      <Filter>Hazel\Renderer</Filter>
    </ClCompile>
    <ClCompile Include="src\Hazel\Renderer\Texture.cpp">
      <Filter>Hazel\Renderer</Filter>
    </ClCompile>
    <ClCompile Include="src\Hazel\Renderer\VertexArray.cpp">
      <Filter>Hazel\Renderer</Filter>
    </ClCompile>
    <ClCompile Include="src\Hazel\Scene\Scene.cpp">
      <Filter>Hazel\Scene</Filter>
    </ClCompile>
    <ClCompile Include="src\Platform\OpenGL\OpenGLBuffer.cpp">
      <Filter>Platform\OpenGL</Filter>
    </ClCompile>
    <ClCompile Include="src\Platform\OpenGL\OpenGLContext.cpp">
      <Filter>Platform\OpenGL</Filter>
    </ClCompile>
    <ClCompile Include="src\Platform\OpenGL\OpenGLFramebuffer.cpp">
      <Filter>Platform\OpenGL</Filter>
    </ClCompile>
    <ClCompile Include="src\Platform\OpenGL\OpenGLRendererAPI.cpp">
      <Filter>Platform\OpenGL</Filter>
    </ClCompile>
    <ClCompile Include="src\Platform\OpenGL\OpenGLShader.cpp">
      <Filter>Platform\OpenGL</Filter>
    </ClCompile>
    <ClCompile Include="src\Platform\OpenGL\OpenGLTexture.cpp">
      <Filter>Platform\OpenGL</Filter>
    </ClCompile>
    <ClCompile Include="src\Platform\OpenGL\OpenGLVertexArray.cpp">
      <Filter>Platform\OpenGL</Filter>
    </ClCompile>
    <ClCompile Include="src\Platform\OpenGL\stb_image.cpp">
      <Filter>Platform\OpenGL</Filter>
    </ClCompile>
    <ClCompile Include="src\Platform\Windows\WindowsInput.cpp">
      <Filter>Platform\Windows</Filter>
    </ClCompile>
    <ClCompile Include="src\Platform\Windows\WindowsWindow.cpp">
      <Filter>Platform\Windows</Filter>
    </ClCompile>
    <ClCompile Include="src\hzpch.cpp" />
    <ClCompile Include="src\Hazel\Scene\Entity.cpp" />
    <ClCompile Include="src\Hazel\Scene\SceneCamera.cpp" />
  </ItemGroup>
</Project>